
Microsoft Visual Studio Solution File, Format Version 12.00
# Visual Studio Version 17
VisualStudioVersion = 17.4.33122.133
MinimumVisualStudioVersion = 10.0.40219.1
Project("{9A19103F-16F7-4668-BE54-9A1E7A4F7556}") = "LambdaViaCep", "LambdaViaCep.csproj", "{C71EBFA7-E1FE-43CF-90DD-39E07126630B}"
EndProject
Global
	GlobalSection(SolutionConfigurationPlatforms) = preSolution
		Debug|Any CPU = Debug|Any CPU
		Release|Any CPU = Release|Any CPU
	EndGlobalSection
	GlobalSection(ProjectConfigurationPlatforms) = postSolution
		{C71EBFA7-E1FE-43CF-90DD-39E07126630B}.Debug|Any CPU.ActiveCfg = Debug|Any CPU
		{C71EBFA7-E1FE-43CF-90DD-39E07126630B}.Debug|Any CPU.Build.0 = Debug|Any CPU
		{C71EBFA7-E1FE-43CF-90DD-39E07126630B}.Release|Any CPU.ActiveCfg = Release|Any CPU
		{C71EBFA7-E1FE-43CF-90DD-39E07126630B}.Release|Any CPU.Build.0 = Release|Any CPU
	EndGlobalSection
	GlobalSection(SolutionProperties) = preSolution
		HideSolutionNode = FALSE
	EndGlobalSection
	GlobalSection(ExtensibilityGlobals) = postSolution
		SolutionGuid = {65821DF4-DE6A-4C18-8218-6BD4EDBC1349}
	EndGlobalSection
EndGlobal
